// !$*UTF8*$!
{
	archiveVersion = 1;
	classes = {
	};
	objectVersion = 50;
	objects = {

/* Begin PBXBuildFile section */
		884839BD20F7600400219563 /* AppDelegate.swift in Sources */ = {isa = PBXBuildFile; fileRef = 884839BC20F7600400219563 /* AppDelegate.swift */; };
		884839BF20F7600400219563 /* ViewController.swift in Sources */ = {isa = PBXBuildFile; fileRef = 884839BE20F7600400219563 /* ViewController.swift */; };
		884839C220F7600400219563 /* Main.storyboard in Resources */ = {isa = PBXBuildFile; fileRef = 884839C020F7600400219563 /* Main.storyboard */; };
		884839C420F7600500219563 /* Assets.xcassets in Resources */ = {isa = PBXBuildFile; fileRef = 884839C320F7600500219563 /* Assets.xcassets */; };
		884839C720F7600500219563 /* LaunchScreen.storyboard in Resources */ = {isa = PBXBuildFile; fileRef = 884839C520F7600500219563 /* LaunchScreen.storyboard */; };
		884839D020F7602300219563 /* ImageCropView.swift in Sources */ = {isa = PBXBuildFile; fileRef = 884839CE20F7602200219563 /* ImageCropView.swift */; };
		884839D120F7602300219563 /* ImageCropVC.swift in Sources */ = {isa = PBXBuildFile; fileRef = 884839CF20F7602300219563 /* ImageCropVC.swift */; };
		E11EF9B37CE62190D68AC2D1 /* Pods_ImageCrop.framework in Frameworks */ = {isa = PBXBuildFile; fileRef = C34EF5E19883682D61412761 /* Pods_ImageCrop.framework */; };
/* End PBXBuildFile section */

/* Begin PBXFileReference section */
		11AC06ABCEEE572D229478E3 /* Pods-ImageCrop.release.xcconfig */ = {isa = PBXFileReference; includeInIndex = 1; lastKnownFileType = text.xcconfig; name = "Pods-ImageCrop.release.xcconfig"; path = "Pods/Target Support Files/Pods-ImageCrop/Pods-ImageCrop.release.xcconfig"; sourceTree = "<group>"; };
		884839B920F7600400219563 /* ImageCrop.app */ = {isa = PBXFileReference; explicitFileType = wrapper.application; includeInIndex = 0; path = ImageCrop.app; sourceTree = BUILT_PRODUCTS_DIR; };
		884839BC20F7600400219563 /* AppDelegate.swift */ = {isa = PBXFileReference; lastKnownFileType = sourcecode.swift; path = AppDelegate.swift; sourceTree = "<group>"; };
		884839BE20F7600400219563 /* ViewController.swift */ = {isa = PBXFileReference; lastKnownFileType = sourcecode.swift; path = ViewController.swift; sourceTree = "<group>"; };
		884839C120F7600400219563 /* Base */ = {isa = PBXFileReference; lastKnownFileType = file.storyboard; name = Base; path = Base.lproj/Main.storyboard; sourceTree = "<group>"; };
		884839C320F7600500219563 /* Assets.xcassets */ = {isa = PBXFileReference; lastKnownFileType = folder.assetcatalog; path = Assets.xcassets; sourceTree = "<group>"; };
		884839C620F7600500219563 /* Base */ = {isa = PBXFileReference; lastKnownFileType = file.storyboard; name = Base; path = Base.lproj/LaunchScreen.storyboard; sourceTree = "<group>"; };
		884839C820F7600500219563 /* Info.plist */ = {isa = PBXFileReference; lastKnownFileType = text.plist.xml; path = Info.plist; sourceTree = "<group>"; };
		884839CE20F7602200219563 /* ImageCropView.swift */ = {isa = PBXFileReference; fileEncoding = 4; lastKnownFileType = sourcecode.swift; path = ImageCropView.swift; sourceTree = "<group>"; };
		884839CF20F7602300219563 /* ImageCropVC.swift */ = {isa = PBXFileReference; fileEncoding = 4; lastKnownFileType = sourcecode.swift; path = ImageCropVC.swift; sourceTree = "<group>"; };
		A503957D103B25DFE775096B /* Pods-ImageCrop.debug.xcconfig */ = {isa = PBXFileReference; includeInIndex = 1; lastKnownFileType = text.xcconfig; name = "Pods-ImageCrop.debug.xcconfig"; path = "Pods/Target Support Files/Pods-ImageCrop/Pods-ImageCrop.debug.xcconfig"; sourceTree = "<group>"; };
		C34EF5E19883682D61412761 /* Pods_ImageCrop.framework */ = {isa = PBXFileReference; explicitFileType = wrapper.framework; includeInIndex = 0; path = Pods_ImageCrop.framework; sourceTree = BUILT_PRODUCTS_DIR; };
/* End PBXFileReference section */

/* Begin PBXFrameworksBuildPhase section */
		884839B620F7600400219563 /* Frameworks */ = {
			isa = PBXFrameworksBuildPhase;
			buildActionMask = 2147483647;
			files = (
				E11EF9B37CE62190D68AC2D1 /* Pods_ImageCrop.framework in Frameworks */,
			);
			runOnlyForDeploymentPostprocessing = 0;
		};
/* End PBXFrameworksBuildPhase section */

/* Begin PBXGroup section */
		196A69D83946314CB55C407A /* Pods */ = {
			isa = PBXGroup;
			children = (
				A503957D103B25DFE775096B /* Pods-ImageCrop.debug.xcconfig */,
				11AC06ABCEEE572D229478E3 /* Pods-ImageCrop.release.xcconfig */,
			);
			name = Pods;
			sourceTree = "<group>";
		};
		7F5AECD5EA37D7CA976D639E /* Frameworks */ = {
			isa = PBXGroup;
			children = (
				C34EF5E19883682D61412761 /* Pods_ImageCrop.framework */,
			);
			name = Frameworks;
			sourceTree = "<group>";
		};
		884839B020F7600400219563 = {
			isa = PBXGroup;
			children = (
				884839BB20F7600400219563 /* ImageCrop */,
				884839BA20F7600400219563 /* Products */,
				196A69D83946314CB55C407A /* Pods */,
				7F5AECD5EA37D7CA976D639E /* Frameworks */,
			);
			sourceTree = "<group>";
		};
		884839BA20F7600400219563 /* Products */ = {
			isa = PBXGroup;
			children = (
				884839B920F7600400219563 /* ImageCrop.app */,
			);
			name = Products;
			sourceTree = "<group>";
		};
		884839BB20F7600400219563 /* ImageCrop */ = {
			isa = PBXGroup;
			children = (
				884839BC20F7600400219563 /* AppDelegate.swift */,
				884839BE20F7600400219563 /* ViewController.swift */,
				884839CF20F7602300219563 /* ImageCropVC.swift */,
				884839CE20F7602200219563 /* ImageCropView.swift */,
				884839C020F7600400219563 /* Main.storyboard */,
				884839C320F7600500219563 /* Assets.xcassets */,
				884839C520F7600500219563 /* LaunchScreen.storyboard */,
				884839C820F7600500219563 /* Info.plist */,
			);
			path = ImageCrop;
			sourceTree = "<group>";
		};
/* End PBXGroup section */

/* Begin PBXNativeTarget section */
		884839B820F7600400219563 /* ImageCrop */ = {
			isa = PBXNativeTarget;
			buildConfigurationList = 884839CB20F7600500219563 /* Build configuration list for PBXNativeTarget "ImageCrop" */;
			buildPhases = (
				754897F14F45F8AF9258AAEF /* [CP] Check Pods Manifest.lock */,
				884839B520F7600400219563 /* Sources */,
				884839B620F7600400219563 /* Frameworks */,
				884839B720F7600400219563 /* Resources */,
				8DF6BE61F427C0B459B05456 /* [CP] Embed Pods Frameworks */,
			);
			buildRules = (
			);
			dependencies = (
			);
			name = ImageCrop;
			productName = ImageCrop;
			productReference = 884839B920F7600400219563 /* ImageCrop.app */;
			productType = "com.apple.product-type.application";
		};
/* End PBXNativeTarget section */

/* Begin PBXProject section */
		884839B120F7600400219563 /* Project object */ = {
			isa = PBXProject;
			attributes = {
				LastSwiftUpdateCheck = 0940;
				LastUpgradeCheck = 0940;
				ORGANIZATIONNAME = "天明";
				TargetAttributes = {
					884839B820F7600400219563 = {
						CreatedOnToolsVersion = 9.4.1;
					};
				};
			};
			buildConfigurationList = 884839B420F7600400219563 /* Build configuration list for PBXProject "ImageCrop" */;
			compatibilityVersion = "Xcode 9.3";
			developmentRegion = en;
			hasScannedForEncodings = 0;
			knownRegions = (
				en,
				Base,
			);
			mainGroup = 884839B020F7600400219563;
			productRefGroup = 884839BA20F7600400219563 /* Products */;
			projectDirPath = "";
			projectRoot = "";
			targets = (
				884839B820F7600400219563 /* ImageCrop */,
			);
		};
/* End PBXProject section */

/* Begin PBXResourcesBuildPhase section */
		884839B720F7600400219563 /* Resources */ = {
			isa = PBXResourcesBuildPhase;
			buildActionMask = 2147483647;
			files = (
				884839C720F7600500219563 /* LaunchScreen.storyboard in Resources */,
				884839C420F7600500219563 /* Assets.xcassets in Resources */,
				884839C220F7600400219563 /* Main.storyboard in Resources */,
			);
			runOnlyForDeploymentPostprocessing = 0;
		};
/* End PBXResourcesBuildPhase section */

/* Begin PBXShellScriptBuildPhase section */
		754897F14F45F8AF9258AAEF /* [CP] Check Pods Manifest.lock */ = {
			isa = PBXShellScriptBuildPhase;
			buildActionMask = 2147483647;
			files = (
			);
			inputPaths = (
				"${PODS_PODFILE_DIR_PATH}/Podfile.lock",
				"${PODS_ROOT}/Manifest.lock",
			);
			name = "[CP] Check Pods Manifest.lock";
			outputPaths = (
				"$(DERIVED_FILE_DIR)/Pods-ImageCrop-checkManifestLockResult.txt",
			);
			runOnlyForDeploymentPostprocessing = 0;
			shellPath = /bin/sh;
			shellScript = "diff \"${PODS_PODFILE_DIR_PATH}/Podfile.lock\" \"${PODS_ROOT}/Manifest.lock\" > /dev/null\nif [ $? != 0 ] ; then\n    # print error to STDERR\n    echo \"error: The sandbox is not in sync with the Podfile.lock. Run 'pod install' or update your CocoaPods installation.\" >&2\n    exit 1\nfi\n# This output is used by Xcode 'outputs' to avoid re-running this script phase.\necho \"SUCCESS\" > \"${SCRIPT_OUTPUT_FILE_0}\"\n";
			showEnvVarsInLog = 0;
		};
		8DF6BE61F427C0B459B05456 /* [CP] Embed Pods Frameworks */ = {
			isa = PBXShellScriptBuildPhase;
			buildActionMask = 2147483647;
			files = (
			);
			inputPaths = (
				"${SRCROOT}/Pods/Target Support Files/Pods-ImageCrop/Pods-ImageCrop-frameworks.sh",
				"${BUILT_PRODUCTS_DIR}/SnapKit/SnapKit.framework",
			);
			name = "[CP] Embed Pods Frameworks";
			outputPaths = (
				"${TARGET_BUILD_DIR}/${FRAMEWORKS_FOLDER_PATH}/SnapKit.framework",
			);
			runOnlyForDeploymentPostprocessing = 0;
			shellPath = /bin/sh;
			shellScript = "\"${SRCROOT}/Pods/Target Support Files/Pods-ImageCrop/Pods-ImageCrop-frameworks.sh\"\n";
			showEnvVarsInLog = 0;
		};
/* End PBXShellScriptBuildPhase section */

/* Begin PBXSourcesBuildPhase section */
		884839B520F7600400219563 /* Sources */ = {
			isa = PBXSourcesBuildPhase;
			buildActionMask = 2147483647;
			files = (
				884839D120F7602300219563 /* ImageCropVC.swift in Sources */,
				884839BF20F7600400219563 /* ViewController.swift in Sources */,
				884839BD20F7600400219563 /* AppDelegate.swift in Sources */,
				884839D020F7602300219563 /* ImageCropView.swift in Sources */,
			);
			runOnlyForDeploymentPostprocessing = 0;
		};
/* End PBXSourcesBuildPhase section */

/* Begin PBXVariantGroup section */
		884839C020F7600400219563 /* Main.storyboard */ = {
			isa = PBXVariantGroup;
			children = (
				884839C120F7600400219563 /* Base */,
			);
			name = Main.storyboard;
			sourceTree = "<group>";
		};
		884839C520F7600500219563 /* LaunchScreen.storyboard */ = {
			isa = PBXVariantGroup;
			children = (
				884839C620F7600500219563 /* Base */,
			);
			name = LaunchScreen.storyboard;
			sourceTree = "<group>";
		};
/* End PBXVariantGroup section */

/* Begin XCBuildConfiguration section */
		884839C920F7600500219563 /* Debug */ = {
			isa = XCBuildConfiguration;
			buildSettings = {
				ALWAYS_SEARCH_USER_PATHS = NO;
				CLANG_ANALYZER_NONNULL = YES;
				CLANG_ANALYZER_NUMBER_OBJECT_CONVERSION = YES_AGGRESSIVE;
				CLANG_CXX_LANGUAGE_STANDARD = "gnu++14";
				CLANG_CXX_LIBRARY = "libc++";
				CLANG_ENABLE_MODULES = YES;
				CLANG_ENABLE_OBJC_ARC = YES;
				CLANG_ENABLE_OBJC_WEAK = YES;
				CLANG_WARN_BLOCK_CAPTURE_AUTORELEASING = YES;
				CLANG_WARN_BOOL_CONVERSION = YES;
				CLANG_WARN_COMMA = YES;
				CLANG_WARN_CONSTANT_CONVERSION = YES;
				CLANG_WARN_DEPRECATED_OBJC_IMPLEMENTATIONS = YES;
				CLANG_WARN_DIRECT_OBJC_ISA_USAGE = YES_ERROR;
				CLANG_WARN_DOCUMENTATION_COMMENTS = YES;
				CLANG_WARN_EMPTY_BODY = YES;
				CLANG_WARN_ENUM_CONVERSION = YES;
				CLANG_WARN_INFINITE_RECURSION = YES;
				CLANG_WARN_INT_CONVERSION = YES;
				CLANG_WARN_NON_LITERAL_NULL_CONVERSION = YES;
				CLANG_WARN_OBJC_IMPLICIT_RETAIN_SELF = YES;
				CLANG_WARN_OBJC_LITERAL_CONVERSION = YES;
				CLANG_WARN_OBJC_ROOT_CLASS = YES_ERROR;
				CLANG_WARN_RANGE_LOOP_ANALYSIS = YES;
				CLANG_WARN_STRICT_PROTOTYPES = YES;
				CLANG_WARN_SUSPICIOUS_MOVE = YES;
				CLANG_WARN_UNGUARDED_AVAILABILITY = YES_AGGRESSIVE;
				CLANG_WARN_UNREACHABLE_CODE = YES;
				CLANG_WARN__DUPLICATE_METHOD_MATCH = YES;
				CODE_SIGN_IDENTITY = "iPhone Developer";
				COPY_PHASE_STRIP = NO;
				DEBUG_INFORMATION_FORMAT = dwarf;
				ENABLE_STRICT_OBJC_MSGSEND = YES;
				ENABLE_TESTABILITY = YES;
				GCC_C_LANGUAGE_STANDARD = gnu11;
				GCC_DYNAMIC_NO_PIC = NO;
				GCC_NO_COMMON_BLOCKS = YES;
				GCC_OPTIMIZATION_LEVEL = 0;
				GCC_PREPROCESSOR_DEFINITIONS = (
					"DEBUG=1",
					"$(inherited)",
				);
				GCC_WARN_64_TO_32_BIT_CONVERSION = YES;
				GCC_WARN_ABOUT_RETURN_TYPE = YES_ERROR;
				GCC_WARN_UNDECLARED_SELECTOR = YES;
				GCC_WARN_UNINITIALIZED_AUTOS = YES_AGGRESSIVE;
				GCC_WARN_UNUSED_FUNCTION = YES;
				GCC_WARN_UNUSED_VARIABLE = YES;
				IPHONEOS_DEPLOYMENT_TARGET = 11.4;
				MTL_ENABLE_DEBUG_INFO = YES;
				ONLY_ACTIVE_ARCH = YES;
				SDKROOT = iphoneos;
				SWIFT_ACTIVE_COMPILATION_CONDITIONS = DEBUG;
				SWIFT_OPTIMIZATION_LEVEL = "-Onone";
			};
			name = Debug;
		};
		884839CA20F7600500219563 /* Release */ = {
			isa = XCBuildConfiguration;
			buildSettings = {
				ALWAYS_SEARCH_USER_PATHS = NO;
				CLANG_ANALYZER_NONNULL = YES;
				CLANG_ANALYZER_NUMBER_OBJECT_CONVERSION = YES_AGGRESSIVE;
				CLANG_CXX_LANGUAGE_STANDARD = "gnu++14";
				CLANG_CXX_LIBRARY = "libc++";
				CLANG_ENABLE_MODULES = YES;
				CLANG_ENABLE_OBJC_ARC = YES;
				CLANG_ENABLE_OBJC_WEAK = YES;
				CLANG_WARN_BLOCK_CAPTURE_AUTORELEASING = YES;
				CLANG_WARN_BOOL_CONVERSION = YES;
				CLANG_WARN_COMMA = YES;
				CLANG_WARN_CONSTANT_CONVERSION = YES;
				CLANG_WARN_DEPRECATED_OBJC_IMPLEMENTATIONS = YES;
				CLANG_WARN_DIRECT_OBJC_ISA_USAGE = YES_ERROR;
				CLANG_WARN_DOCUMENTATION_COMMENTS = YES;
				CLANG_WARN_EMPTY_BODY = YES;
				CLANG_WARN_ENUM_CONVERSION = YES;
				CLANG_WARN_INFINITE_RECURSION = YES;
				CLANG_WARN_INT_CONVERSION = YES;
				CLANG_WARN_NON_LITERAL_NULL_CONVERSION = YES;
				CLANG_WARN_OBJC_IMPLICIT_RETAIN_SELF = YES;
				CLANG_WARN_OBJC_LITERAL_CONVERSION = YES;
				CLANG_WARN_OBJC_ROOT_CLASS = YES_ERROR;
				CLANG_WARN_RANGE_LOOP_ANALYSIS = YES;
				CLANG_WARN_STRICT_PROTOTYPES = YES;
				CLANG_WARN_SUSPICIOUS_MOVE = YES;
				CLANG_WARN_UNGUARDED_AVAILABILITY = YES_AGGRESSIVE;
				CLANG_WARN_UNREACHABLE_CODE = YES;
				CLANG_WARN__DUPLICATE_METHOD_MATCH = YES;
				CODE_SIGN_IDENTITY = "iPhone Developer";
				COPY_PHASE_STRIP = NO;
				DEBUG_INFORMATION_FORMAT = "dwarf-with-dsym";
				ENABLE_NS_ASSERTIONS = NO;
				ENABLE_STRICT_OBJC_MSGSEND = YES;
				GCC_C_LANGUAGE_STANDARD = gnu11;
				GCC_NO_COMMON_BLOCKS = YES;
				GCC_WARN_64_TO_32_BIT_CONVERSION = YES;
				GCC_WARN_ABOUT_RETURN_TYPE = YES_ERROR;
				GCC_WARN_UNDECLARED_SELECTOR = YES;
				GCC_WARN_UNINITIALIZED_AUTOS = YES_AGGRESSIVE;
				GCC_WARN_UNUSED_FUNCTION = YES;
				GCC_WARN_UNUSED_VARIABLE = YES;
				IPHONEOS_DEPLOYMENT_TARGET = 11.4;
				MTL_ENABLE_DEBUG_INFO = NO;
				SDKROOT = iphoneos;
				SWIFT_COMPILATION_MODE = wholemodule;
				SWIFT_OPTIMIZATION_LEVEL = "-O";
				VALIDATE_PRODUCT = YES;
			};
			name = Release;
		};
		884839CC20F7600500219563 /* Debug */ = {
			isa = XCBuildConfiguration;
			baseConfigurationReference = A503957D103B25DFE775096B /* Pods-ImageCrop.debug.xcconfig */;
			buildSettings = {
				ASSETCATALOG_COMPILER_APPICON_NAME = AppIcon;
				CODE_SIGN_STYLE = Automatic;
				INFOPLIST_FILE = ImageCrop/Info.plist;
				IPHONEOS_DEPLOYMENT_TARGET = 9.0;
				LD_RUNPATH_SEARCH_PATHS = (
					"$(inherited)",
					"@executable_path/Frameworks",
				);
				PRODUCT_BUNDLE_IDENTIFIER = com.tm.ImageCrop;
				PRODUCT_NAME = "$(TARGET_NAME)";
				SWIFT_VERSION = 4.0;
				TARGETED_DEVICE_FAMILY = "1,2";
			};
			name = Debug;
		};
		884839CD20F7600500219563 /* Release */ = {
			isa = XCBuildConfiguration;
			baseConfigurationReference = 11AC06ABCEEE572D229478E3 /* Pods-ImageCrop.release.xcconfig */;
			buildSettings = {
				ASSETCATALOG_COMPILER_APPICON_NAME = AppIcon;
				CODE_SIGN_STYLE = Automatic;
				INFOPLIST_FILE = ImageCrop/Info.plist;
				IPHONEOS_DEPLOYMENT_TARGET = 9.0;
				LD_RUNPATH_SEARCH_PATHS = (
					"$(inherited)",
					"@executable_path/Frameworks",
				);
				PRODUCT_BUNDLE_IDENTIFIER = com.tm.ImageCrop;
				PRODUCT_NAME = "$(TARGET_NAME)";
				SWIFT_VERSION = 4.0;
				TARGETED_DEVICE_FAMILY = "1,2";
			};
			name = Release;
		};
/* End XCBuildConfiguration section */

/* Begin XCConfigurationList section */
		884839B420F7600400219563 /* Build configuration list for PBXProject "ImageCrop" */ = {
			isa = XCConfigurationList;
			buildConfigurations = (
				884839C920F7600500219563 /* Debug */,
				884839CA20F7600500219563 /* Release */,
			);
			defaultConfigurationIsVisible = 0;
			defaultConfigurationName = Release;
		};
		884839CB20F7600500219563 /* Build configuration list for PBXNativeTarget "ImageCrop" */ = {
			isa = XCConfigurationList;
			buildConfigurations = (
				884839CC20F7600500219563 /* Debug */,
				884839CD20F7600500219563 /* Release */,
			);
			defaultConfigurationIsVisible = 0;
			defaultConfigurationName = Release;
		};
/* End XCConfigurationList section */
	};
	rootObject = 884839B120F7600400219563 /* Project object */;
}
